
Microsoft Visual Studio Solution File, Format Version 12.00
# Visual Studio Version 17
VisualStudioVersion = 17.2.32616.157
MinimumVisualStudioVersion = 10.0.40219.1
Project("{9A19103F-16F7-4668-BE54-9A1E7A4F7556}") = "forum-api", "forum-api.csproj", "{62D51410-0607-4192-9410-73EA3C6F151F}"
EndProject
Project("{FAE04EC0-301F-11D3-BF4B-00C04F79EFBC}") = "forum-apiTests", "..\forum-apiTests\forum-apiTests.csproj", "{952B11FF-ECC5-4268-B998-DCFBB3E8ACC4}"
EndProject
Global
	GlobalSection(SolutionConfigurationPlatforms) = preSolution
		Debug|Any CPU = Debug|Any CPU
		Release|Any CPU = Release|Any CPU
	EndGlobalSection
	GlobalSection(ProjectConfigurationPlatforms) = postSolution
		{62D51410-0607-4192-9410-73EA3C6F151F}.Debug|Any CPU.ActiveCfg = Debug|Any CPU
		{62D51410-0607-4192-9410-73EA3C6F151F}.Debug|Any CPU.Build.0 = Debug|Any CPU
		{62D51410-0607-4192-9410-73EA3C6F151F}.Release|Any CPU.ActiveCfg = Release|Any CPU
		{62D51410-0607-4192-9410-73EA3C6F151F}.Release|Any CPU.Build.0 = Release|Any CPU
		{952B11FF-ECC5-4268-B998-DCFBB3E8ACC4}.Debug|Any CPU.ActiveCfg = Debug|Any CPU
		{952B11FF-ECC5-4268-B998-DCFBB3E8ACC4}.Debug|Any CPU.Build.0 = Debug|Any CPU
		{952B11FF-ECC5-4268-B998-DCFBB3E8ACC4}.Release|Any CPU.ActiveCfg = Release|Any CPU
		{952B11FF-ECC5-4268-B998-DCFBB3E8ACC4}.Release|Any CPU.Build.0 = Release|Any CPU
	EndGlobalSection
	GlobalSection(SolutionProperties) = preSolution
		HideSolutionNode = FALSE
	EndGlobalSection
	GlobalSection(ExtensibilityGlobals) = postSolution
		SolutionGuid = {AFEDB48E-1274-452F-886D-171950BE1A35}
	EndGlobalSection
EndGlobal
